
Microsoft Visual Studio Solution File, Format Version 12.00
# Visual Studio 15
Project("{FAE04EC0-301F-11D3-BF4B-00C04F79EFBC}") = "SimpleInput.Runtime", "SimpleInput.Runtime.csproj", "{A5F61E78-60A4-5B35-45D0-838EFAF3E412}"
EndProject
Project("{FAE04EC0-301F-11D3-BF4B-00C04F79EFBC}") = "Assembly-CSharp", "Assembly-CSharp.csproj", "{1115FF70-1194-D40C-F1A3-225D8799163A}"
EndProject
Project("{FAE04EC0-301F-11D3-BF4B-00C04F79EFBC}") = "SimpleInput.Editor", "SimpleInput.Editor.csproj", "{211B0295-1E4D-8A76-81DE-8FCEF92F7695}"
EndProject
Global
	GlobalSection(SolutionConfigurationPlatforms) = preSolution
		Debug|Any CPU = Debug|Any CPU
		Release|Any CPU = Release|Any CPU
	EndGlobalSection
	GlobalSection(ProjectConfigurationPlatforms) = postSolution
		{A5F61E78-60A4-5B35-45D0-838EFAF3E412}.Debug|Any CPU.ActiveCfg = Debug|Any CPU
		{A5F61E78-60A4-5B35-45D0-838EFAF3E412}.Debug|Any CPU.Build.0 = Debug|Any CPU
		{A5F61E78-60A4-5B35-45D0-838EFAF3E412}.Release|Any CPU.ActiveCfg = Release|Any CPU
		{A5F61E78-60A4-5B35-45D0-838EFAF3E412}.Release|Any CPU.Build.0 = Release|Any CPU
		{1115FF70-1194-D40C-F1A3-225D8799163A}.Debug|Any CPU.ActiveCfg = Debug|Any CPU
		{1115FF70-1194-D40C-F1A3-225D8799163A}.Debug|Any CPU.Build.0 = Debug|Any CPU
		{1115FF70-1194-D40C-F1A3-225D8799163A}.Release|Any CPU.ActiveCfg = Release|Any CPU
		{1115FF70-1194-D40C-F1A3-225D8799163A}.Release|Any CPU.Build.0 = Release|Any CPU
		{211B0295-1E4D-8A76-81DE-8FCEF92F7695}.Debug|Any CPU.ActiveCfg = Debug|Any CPU
		{211B0295-1E4D-8A76-81DE-8FCEF92F7695}.Debug|Any CPU.Build.0 = Debug|Any CPU
		{211B0295-1E4D-8A76-81DE-8FCEF92F7695}.Release|Any CPU.ActiveCfg = Release|Any CPU
		{211B0295-1E4D-8A76-81DE-8FCEF92F7695}.Release|Any CPU.Build.0 = Release|Any CPU
	EndGlobalSection
	GlobalSection(SolutionProperties) = preSolution
		HideSolutionNode = FALSE
	EndGlobalSection
EndGlobal
